// !$*UTF8*$!
{
	archiveVersion = 1;
	classes = {
	};
	objectVersion = 50;
	objects = {

/* Begin PBXBuildFile section */
		0504336F20BC7593002EC88E /* GameScene.cpp in Sources */ = {isa = PBXBuildFile; fileRef = 0504336D20BC7593002EC88E /* GameScene.cpp */; };
		0504337520BC790E002EC88E /* GameObject2D.cpp in Sources */ = {isa = PBXBuildFile; fileRef = 0504337320BC790E002EC88E /* GameObject2D.cpp */; };
		0504337820BC7985002EC88E /* BackgroundManager.cpp in Sources */ = {isa = PBXBuildFile; fileRef = 0504337620BC7985002EC88E /* BackgroundManager.cpp */; };
		0504337B20BC7994002EC88E /* Background.cpp in Sources */ = {isa = PBXBuildFile; fileRef = 0504337920BC7994002EC88E /* Background.cpp */; };
		0504338020BC8464002EC88E /* background.jpg in Resources */ = {isa = PBXBuildFile; fileRef = 0504337F20BC8463002EC88E /* background.jpg */; };
		0504338720BC8711002EC88E /* Dino.cpp in Sources */ = {isa = PBXBuildFile; fileRef = 0504338520BC8711002EC88E /* Dino.cpp */; };
		0504338A20BC8CF0002EC88E /* InputHandler.cpp in Sources */ = {isa = PBXBuildFile; fileRef = 0504338820BC8CF0002EC88E /* InputHandler.cpp */; };
		0504338D20BC94B7002EC88E /* Obstacle.cpp in Sources */ = {isa = PBXBuildFile; fileRef = 0504338B20BC94B7002EC88E /* Obstacle.cpp */; };
		0509478C20CADBC400CF79F7 /* TextureManager.cpp in Sources */ = {isa = PBXBuildFile; fileRef = 0509478A20CADBC400CF79F7 /* TextureManager.cpp */; };
		050AF9B320BF209800FDC108 /* ObstacleManager.cpp in Sources */ = {isa = PBXBuildFile; fileRef = 050AF9B120BF209800FDC108 /* ObstacleManager.cpp */; };
		055EAFC620BD5E3A0004FF80 /* DinoManager.cpp in Sources */ = {isa = PBXBuildFile; fileRef = 055EAFC420BD5E3A0004FF80 /* DinoManager.cpp */; };
		05770CFC20BAE303007A5F1C /* ResourcePath.mm in Sources */ = {isa = PBXBuildFile; fileRef = 05770CFB20BAE303007A5F1C /* ResourcePath.mm */; };
		05770CFF20BAE303007A5F1C /* main.cpp in Sources */ = {isa = PBXBuildFile; fileRef = 05770CFE20BAE303007A5F1C /* main.cpp */; };
		05770D0620BAE303007A5F1C /* sansation.ttf in Resources */ = {isa = PBXBuildFile; fileRef = 05770D0520BAE303007A5F1C /* sansation.ttf */; };
		05770D0820BAE303007A5F1C /* icon.png in Resources */ = {isa = PBXBuildFile; fileRef = 05770D0720BAE303007A5F1C /* icon.png */; };
		05E7F24020EC9AEC00EC5A49 /* ConstAndVars.cpp in Sources */ = {isa = PBXBuildFile; fileRef = 05E7F23E20EC9AEC00EC5A49 /* ConstAndVars.cpp */; };
		05E7F24220ECA1CF00EC5A49 /* dino_sprite.png in Resources */ = {isa = PBXBuildFile; fileRef = 05E7F24120ECA1CF00EC5A49 /* dino_sprite.png */; };
/* End PBXBuildFile section */

/* Begin PBXFileReference section */
		0504336D20BC7593002EC88E /* GameScene.cpp */ = {isa = PBXFileReference; lastKnownFileType = sourcecode.cpp.cpp; path = GameScene.cpp; sourceTree = "<group>"; };
		0504336E20BC7593002EC88E /* GameScene.hpp */ = {isa = PBXFileReference; lastKnownFileType = sourcecode.cpp.h; path = GameScene.hpp; sourceTree = "<group>"; };
		0504337120BC78B6002EC88E /* GameObject.hpp */ = {isa = PBXFileReference; lastKnownFileType = sourcecode.cpp.h; path = GameObject.hpp; sourceTree = "<group>"; };
		0504337320BC790E002EC88E /* GameObject2D.cpp */ = {isa = PBXFileReference; lastKnownFileType = sourcecode.cpp.cpp; path = GameObject2D.cpp; sourceTree = "<group>"; };
		0504337420BC790E002EC88E /* GameObject2D.hpp */ = {isa = PBXFileReference; lastKnownFileType = sourcecode.cpp.h; path = GameObject2D.hpp; sourceTree = "<group>"; };
		0504337620BC7985002EC88E /* BackgroundManager.cpp */ = {isa = PBXFileReference; lastKnownFileType = sourcecode.cpp.cpp; path = BackgroundManager.cpp; sourceTree = "<group>"; };
		0504337720BC7985002EC88E /* BackgroundManager.hpp */ = {isa = PBXFileReference; lastKnownFileType = sourcecode.cpp.h; path = BackgroundManager.hpp; sourceTree = "<group>"; };
		0504337920BC7994002EC88E /* Background.cpp */ = {isa = PBXFileReference; lastKnownFileType = sourcecode.cpp.cpp; path = Background.cpp; sourceTree = "<group>"; };
		0504337A20BC7994002EC88E /* Background.hpp */ = {isa = PBXFileReference; lastKnownFileType = sourcecode.cpp.h; path = Background.hpp; sourceTree = "<group>"; };
		0504337F20BC8463002EC88E /* background.jpg */ = {isa = PBXFileReference; lastKnownFileType = image.jpeg; path = background.jpg; sourceTree = "<group>"; };
		0504338520BC8711002EC88E /* Dino.cpp */ = {isa = PBXFileReference; lastKnownFileType = sourcecode.cpp.cpp; path = Dino.cpp; sourceTree = "<group>"; };
		0504338620BC8711002EC88E /* Dino.hpp */ = {isa = PBXFileReference; lastKnownFileType = sourcecode.cpp.h; path = Dino.hpp; sourceTree = "<group>"; };
		0504338820BC8CF0002EC88E /* InputHandler.cpp */ = {isa = PBXFileReference; lastKnownFileType = sourcecode.cpp.cpp; path = InputHandler.cpp; sourceTree = "<group>"; };
		0504338920BC8CF0002EC88E /* InputHandler.hpp */ = {isa = PBXFileReference; lastKnownFileType = sourcecode.cpp.h; path = InputHandler.hpp; sourceTree = "<group>"; };
		0504338B20BC94B7002EC88E /* Obstacle.cpp */ = {isa = PBXFileReference; lastKnownFileType = sourcecode.cpp.cpp; path = Obstacle.cpp; sourceTree = "<group>"; };
		0504338C20BC94B7002EC88E /* Obstacle.hpp */ = {isa = PBXFileReference; lastKnownFileType = sourcecode.cpp.h; path = Obstacle.hpp; sourceTree = "<group>"; };
		0509478A20CADBC400CF79F7 /* TextureManager.cpp */ = {isa = PBXFileReference; lastKnownFileType = sourcecode.cpp.cpp; path = TextureManager.cpp; sourceTree = "<group>"; };
		0509478B20CADBC400CF79F7 /* TextureManager.hpp */ = {isa = PBXFileReference; lastKnownFileType = sourcecode.cpp.h; path = TextureManager.hpp; sourceTree = "<group>"; };
		050AF9B120BF209800FDC108 /* ObstacleManager.cpp */ = {isa = PBXFileReference; lastKnownFileType = sourcecode.cpp.cpp; path = ObstacleManager.cpp; sourceTree = "<group>"; };
		050AF9B220BF209800FDC108 /* ObstacleManager.hpp */ = {isa = PBXFileReference; lastKnownFileType = sourcecode.cpp.h; path = ObstacleManager.hpp; sourceTree = "<group>"; };
		055EAFC420BD5E3A0004FF80 /* DinoManager.cpp */ = {isa = PBXFileReference; lastKnownFileType = sourcecode.cpp.cpp; path = DinoManager.cpp; sourceTree = "<group>"; };
		055EAFC520BD5E3A0004FF80 /* DinoManager.hpp */ = {isa = PBXFileReference; lastKnownFileType = sourcecode.cpp.h; path = DinoManager.hpp; sourceTree = "<group>"; };
		05770CF620BAE303007A5F1C /* SFML_GAME.app */ = {isa = PBXFileReference; explicitFileType = wrapper.application; includeInIndex = 0; path = SFML_GAME.app; sourceTree = BUILT_PRODUCTS_DIR; };
		05770CFA20BAE303007A5F1C /* SFML_GAME-Info.plist */ = {isa = PBXFileReference; lastKnownFileType = text.plist.xml; path = "SFML_GAME-Info.plist"; sourceTree = "<group>"; };
		05770CFB20BAE303007A5F1C /* ResourcePath.mm */ = {isa = PBXFileReference; lastKnownFileType = sourcecode.cpp.objcpp; path = ResourcePath.mm; sourceTree = "<group>"; };
		05770CFD20BAE303007A5F1C /* ResourcePath.hpp */ = {isa = PBXFileReference; lastKnownFileType = sourcecode.cpp.h; path = ResourcePath.hpp; sourceTree = "<group>"; };
		05770CFE20BAE303007A5F1C /* main.cpp */ = {isa = PBXFileReference; lastKnownFileType = sourcecode.cpp.cpp; path = main.cpp; sourceTree = "<group>"; };
		05770D0520BAE303007A5F1C /* sansation.ttf */ = {isa = PBXFileReference; lastKnownFileType = file; path = sansation.ttf; sourceTree = "<group>"; };
		05770D0720BAE303007A5F1C /* icon.png */ = {isa = PBXFileReference; lastKnownFileType = image.png; path = icon.png; sourceTree = "<group>"; };
		05E7F23E20EC9AEC00EC5A49 /* ConstAndVars.cpp */ = {isa = PBXFileReference; lastKnownFileType = sourcecode.cpp.cpp; path = ConstAndVars.cpp; sourceTree = "<group>"; };
		05E7F23F20EC9AEC00EC5A49 /* ConstAndVars.hpp */ = {isa = PBXFileReference; lastKnownFileType = sourcecode.cpp.h; path = ConstAndVars.hpp; sourceTree = "<group>"; };
		05E7F24120ECA1CF00EC5A49 /* dino_sprite.png */ = {isa = PBXFileReference; lastKnownFileType = image.png; name = dino_sprite.png; path = ../../../../Downloads/dino_sprite.png; sourceTree = "<group>"; };
/* End PBXFileReference section */

/* Begin PBXFrameworksBuildPhase section */
		05770CF220BAE303007A5F1C /* Frameworks */ = {
			isa = PBXFrameworksBuildPhase;
			buildActionMask = 2147483647;
			files = (
			);
			runOnlyForDeploymentPostprocessing = 0;
		};
/* End PBXFrameworksBuildPhase section */

/* Begin PBXGroup section */
		05770CEC20BAE303007A5F1C = {
			isa = PBXGroup;
			children = (
				05770CF820BAE303007A5F1C /* SFML_GAME */,
				05770CF720BAE303007A5F1C /* Products */,
			);
			sourceTree = "<group>";
		};
		05770CF720BAE303007A5F1C /* Products */ = {
			isa = PBXGroup;
			children = (
				05770CF620BAE303007A5F1C /* SFML_GAME.app */,
			);
			name = Products;
			sourceTree = "<group>";
		};
		05770CF820BAE303007A5F1C /* SFML_GAME */ = {
			isa = PBXGroup;
			children = (
				05770CFB20BAE303007A5F1C /* ResourcePath.mm */,
				05770CFD20BAE303007A5F1C /* ResourcePath.hpp */,
				05770CFE20BAE303007A5F1C /* main.cpp */,
				05770D0020BAE303007A5F1C /* Resources */,
				05770CF920BAE303007A5F1C /* Supporting Files */,
				0504337120BC78B6002EC88E /* GameObject.hpp */,
				0504336D20BC7593002EC88E /* GameScene.cpp */,
				0504336E20BC7593002EC88E /* GameScene.hpp */,
				0504337320BC790E002EC88E /* GameObject2D.cpp */,
				0504337420BC790E002EC88E /* GameObject2D.hpp */,
				0504337620BC7985002EC88E /* BackgroundManager.cpp */,
				0504337720BC7985002EC88E /* BackgroundManager.hpp */,
				0504337920BC7994002EC88E /* Background.cpp */,
				0504337A20BC7994002EC88E /* Background.hpp */,
				0504338520BC8711002EC88E /* Dino.cpp */,
				0504338620BC8711002EC88E /* Dino.hpp */,
				0504338920BC8CF0002EC88E /* InputHandler.hpp */,
				0504338820BC8CF0002EC88E /* InputHandler.cpp */,
				0504338B20BC94B7002EC88E /* Obstacle.cpp */,
				0504338C20BC94B7002EC88E /* Obstacle.hpp */,
				055EAFC420BD5E3A0004FF80 /* DinoManager.cpp */,
				055EAFC520BD5E3A0004FF80 /* DinoManager.hpp */,
				050AF9B120BF209800FDC108 /* ObstacleManager.cpp */,
				050AF9B220BF209800FDC108 /* ObstacleManager.hpp */,
				0509478A20CADBC400CF79F7 /* TextureManager.cpp */,
				0509478B20CADBC400CF79F7 /* TextureManager.hpp */,
				05E7F23E20EC9AEC00EC5A49 /* ConstAndVars.cpp */,
				05E7F23F20EC9AEC00EC5A49 /* ConstAndVars.hpp */,
			);
			path = SFML_GAME;
			sourceTree = "<group>";
		};
		05770CF920BAE303007A5F1C /* Supporting Files */ = {
			isa = PBXGroup;
			children = (
				05770CFA20BAE303007A5F1C /* SFML_GAME-Info.plist */,
			);
			name = "Supporting Files";
			sourceTree = "<group>";
		};
		05770D0020BAE303007A5F1C /* Resources */ = {
			isa = PBXGroup;
			children = (
				05E7F24120ECA1CF00EC5A49 /* dino_sprite.png */,
				0504337F20BC8463002EC88E /* background.jpg */,
				05770D0520BAE303007A5F1C /* sansation.ttf */,
				05770D0720BAE303007A5F1C /* icon.png */,
			);
			name = Resources;
			sourceTree = "<group>";
		};
/* End PBXGroup section */

/* Begin PBXNativeTarget section */
		05770CF520BAE303007A5F1C /* SFML_GAME */ = {
			isa = PBXNativeTarget;
			buildConfigurationList = 05770D0B20BAE303007A5F1C /* Build configuration list for PBXNativeTarget "SFML_GAME" */;
			buildPhases = (
				05770CF120BAE303007A5F1C /* Sources */,
				05770CF220BAE303007A5F1C /* Frameworks */,
				05770CF320BAE303007A5F1C /* Resources */,
				05770CF420BAE303007A5F1C /* ShellScript */,
			);
			buildRules = (
			);
			dependencies = (
			);
			name = SFML_GAME;
			productName = SFML_GAME;
			productReference = 05770CF620BAE303007A5F1C /* SFML_GAME.app */;
			productType = "com.apple.product-type.application";
		};
/* End PBXNativeTarget section */

/* Begin PBXProject section */
		05770CED20BAE303007A5F1C /* Project object */ = {
			isa = PBXProject;
			attributes = {
				LastUpgradeCheck = 0930;
				ORGANIZATIONNAME = "Jakub Mirocha";
				TargetAttributes = {
					05770CF520BAE303007A5F1C = {
						CreatedOnToolsVersion = 9.3;
					};
				};
			};
			buildConfigurationList = 05770CF020BAE303007A5F1C /* Build configuration list for PBXProject "SFML_GAME" */;
			compatibilityVersion = "Xcode 9.3";
			developmentRegion = en;
			hasScannedForEncodings = 0;
			knownRegions = (
				en,
			);
			mainGroup = 05770CEC20BAE303007A5F1C;
			productRefGroup = 05770CF720BAE303007A5F1C /* Products */;
			projectDirPath = "";
			projectRoot = "";
			targets = (
				05770CF520BAE303007A5F1C /* SFML_GAME */,
			);
		};
/* End PBXProject section */

/* Begin PBXResourcesBuildPhase section */
		05770CF320BAE303007A5F1C /* Resources */ = {
			isa = PBXResourcesBuildPhase;
			buildActionMask = 2147483647;
			files = (
				05770D0820BAE303007A5F1C /* icon.png in Resources */,
				0504338020BC8464002EC88E /* background.jpg in Resources */,
				05E7F24220ECA1CF00EC5A49 /* dino_sprite.png in Resources */,
				05770D0620BAE303007A5F1C /* sansation.ttf in Resources */,
			);
			runOnlyForDeploymentPostprocessing = 0;
		};
/* End PBXResourcesBuildPhase section */

/* Begin PBXShellScriptBuildPhase section */
		05770CF420BAE303007A5F1C /* ShellScript */ = {
			isa = PBXShellScriptBuildPhase;
			buildActionMask = 2147483647;
			files = (
			);
			inputPaths = (
			);
			outputPaths = (
			);
			runOnlyForDeploymentPostprocessing = 0;
			shellPath = /bin/sh;
			shellScript = "# This shell script simply copies required SFML dylibs/frameworks into the application bundle frameworks folder.\n# If you're using static libraries (which is not recommended) you should remove this script from your project.\n\n# SETTINGS\nSFML_DEPENDENCIES_INSTALL_PREFIX=\"/Library/Frameworks\"\nCMAKE_INSTALL_FRAMEWORK_PREFIX=\"/Library/Frameworks\"\nCMAKE_INSTALL_LIB_PREFIX=\"/usr/local/lib\"\nFRAMEWORKS_FULL_PATH=\"$BUILT_PRODUCTS_DIR/$FRAMEWORKS_FOLDER_PATH/\"\n\n# Are we building a project that uses frameworks or dylibs?\ncase \"$SFML_BINARY_TYPE\" in\n    DYLIBS)\n        frameworks=\"false\"\n        ;;\n    *)\n        frameworks=\"true\"\n        ;;\nesac\n\n# Echoes to stderr\nerror () # $* message to display\n{\n    echo $* 1>&2\n    exit 2\n}\n\nassert () # $1 is a boolean, $2...N is an error message\n{\n    if [ $# -lt 2 ]\n    then\n        error \"Internal error in assert: not enough args\"\n    fi\n\n    if [ $1 -ne 0 ]\n    then\n        shift\n        error \"$*\"\n    fi\n}\n\nforce_remove () # $@ is some paths\n{\n    test $# -ge 1\n    assert $? \"force_remove() requires at least one parameter\"\n    rm -fr $@\n    assert $? \"couldn't remove $@\"\n}\n\ncopy () # $1 is a source, $2 is a destination\n{\n    test $# -eq 2\n    assert $? \"copy() requires two parameters\"\n    ditto \"$1\" \"$2\"\n    assert $? \"couldn't copy $1 to $2\"\n}\n\nrequire () # $1 is a SFML module like 'system' or 'audio'\n{\n    dest=\"$BUILT_PRODUCTS_DIR/$FRAMEWORKS_FOLDER_PATH/\"\n\n    if [ -z \"$1\" ]\n    then\n        error \"require() requires one parameter!\"\n    else\n        # clean potentially old stuff\n        force_remove \"$dest/libsfml-$1\"*\n        force_remove \"$dest/sfml-$1.framework\"\n\n        # copy SFML libraries\n        if [ \"$frameworks\" = \"true\" ]\n        then\n            source=\"$CMAKE_INSTALL_FRAMEWORK_PREFIX/sfml-$1.framework\"\n            target=\"sfml-$1.framework\"\n        elif [ \"$SFML_LINK_DYLIBS_SUFFIX\" = \"-d\" ]\n        then\n            source=\"$CMAKE_INSTALL_LIB_PREFIX/libsfml-$1-d.dylib\"\n            target=\"`readlink $source`\"\n        else\n            source=\"$CMAKE_INSTALL_LIB_PREFIX/libsfml-$1.dylib\"\n            target=\"`readlink $source`\"\n        fi\n\n        copy \"$source\" \"$dest/$target\"\n\n        # copy extra dependencies\n        if [ \"$1\" = \"audio\" ]\n        then\n            # copy \"FLAC\" \"ogg\" \"vorbis\" \"vorbisenc\" \"vorbisfile\" \"OpenAL\" frameworks too\n            for f in \"FLAC\" \"ogg\" \"vorbis\" \"vorbisenc\" \"vorbisfile\" \"OpenAL\"\n            do\n                copy \"$SFML_DEPENDENCIES_INSTALL_PREFIX/$f.framework\" \"$dest/$f.framework\"\n            done\n        elif [ \"$1\" = \"graphics\" ]\n        then\n            copy \"$SFML_DEPENDENCIES_INSTALL_PREFIX/freetype.framework\" \"$dest/freetype.framework\"\n        fi\n    fi\n}\n\nif [ -n \"$SFML_SYSTEM\" ]\nthen\n    require \"system\"\nfi\n\nif [ -n \"$SFML_AUDIO\" ]\nthen\n    require \"audio\"\nfi\n\nif [ -n \"$SFML_NETWORK\" ]\nthen\n    require \"network\"\nfi\n\nif [ -n \"$SFML_WINDOW\" ]\nthen\n    require \"window\"\nfi\n\nif [ -n \"$SFML_GRAPHICS\" ]\nthen\n    require \"graphics\"\nfi\n\n                ";
		};
/* End PBXShellScriptBuildPhase section */

/* Begin PBXSourcesBuildPhase section */
		05770CF120BAE303007A5F1C /* Sources */ = {
			isa = PBXSourcesBuildPhase;
			buildActionMask = 2147483647;
			files = (
				0504337820BC7985002EC88E /* BackgroundManager.cpp in Sources */,
				0504338A20BC8CF0002EC88E /* InputHandler.cpp in Sources */,
				0504337520BC790E002EC88E /* GameObject2D.cpp in Sources */,
				05770CFF20BAE303007A5F1C /* main.cpp in Sources */,
				050AF9B320BF209800FDC108 /* ObstacleManager.cpp in Sources */,
				0509478C20CADBC400CF79F7 /* TextureManager.cpp in Sources */,
				0504338720BC8711002EC88E /* Dino.cpp in Sources */,
				0504338D20BC94B7002EC88E /* Obstacle.cpp in Sources */,
				05E7F24020EC9AEC00EC5A49 /* ConstAndVars.cpp in Sources */,
				055EAFC620BD5E3A0004FF80 /* DinoManager.cpp in Sources */,
				0504337B20BC7994002EC88E /* Background.cpp in Sources */,
				0504336F20BC7593002EC88E /* GameScene.cpp in Sources */,
				05770CFC20BAE303007A5F1C /* ResourcePath.mm in Sources */,
			);
			runOnlyForDeploymentPostprocessing = 0;
		};
/* End PBXSourcesBuildPhase section */

/* Begin XCBuildConfiguration section */
		05770D0920BAE303007A5F1C /* Debug */ = {
			isa = XCBuildConfiguration;
			buildSettings = {
				ARCHS = "$(NATIVE_ARCH_ACTUAL)";
				CLANG_CXX_LANGUAGE_STANDARD = "c++11";
				CLANG_CXX_LIBRARY = "libc++";
				FRAMEWORK_SEARCH_PATHS = (
					/Library/Frameworks/,
					"$(inherited)",
				);
				GCC_VERSION = com.apple.compilers.llvm.clang.1_0;
				HEADER_SEARCH_PATHS = (
					/usr/local/include/,
					"$(inherited)",
				);
				LIBRARY_SEARCH_PATHS = (
					/usr/local/lib/,
					"$(inherited)",
				);
				MACOSX_DEPLOYMENT_TARGET = 10.7;
				OTHER_LDFLAGS = (
					"$(inherited)",
					"$(SFML_SYSTEM)",
					"$(SFML_WINDOW)",
					"$(SFML_GRAPHICS)",
					"$(SFML_AUDIO)",
					"$(SFML_NETWORK)",
				);
				SFML_AUDIO = "$(SFML_LINK_PREFIX) sfml-audio$(SFML_LINK_SUFFIX)";
				SFML_BINARY_TYPE = DYLIBS;
				SFML_GRAPHICS = "$(SFML_LINK_PREFIX) sfml-graphics$(SFML_LINK_SUFFIX)";
				SFML_LINK_DYLIBS_PREFIX = "-l";
				SFML_LINK_DYLIBS_SUFFIX = "";
				SFML_LINK_FRAMEWORKS_PREFIX = "-framework";
				SFML_LINK_FRAMEWORKS_SUFFIX = "";
				SFML_LINK_PREFIX = "$(SFML_LINK_$(SFML_BINARY_TYPE)_PREFIX)";
				SFML_LINK_SUFFIX = "$(SFML_LINK_$(SFML_BINARY_TYPE)_SUFFIX)";
				SFML_NETWORK = "$(SFML_LINK_PREFIX) sfml-network$(SFML_LINK_SUFFIX)";
				SFML_SYSTEM = "$(SFML_LINK_PREFIX) sfml-system$(SFML_LINK_SUFFIX)";
				SFML_WINDOW = "$(SFML_LINK_PREFIX) sfml-window$(SFML_LINK_SUFFIX)";
				SUPPORTED_PLATFORMS = macosx;
			};
			name = Debug;
		};
		05770D0A20BAE303007A5F1C /* Release */ = {
			isa = XCBuildConfiguration;
			buildSettings = {
				ARCHS = "$(NATIVE_ARCH_ACTUAL)";
				CLANG_CXX_LANGUAGE_STANDARD = "c++11";
				CLANG_CXX_LIBRARY = "libc++";
				FRAMEWORK_SEARCH_PATHS = (
					/Library/Frameworks/,
					"$(inherited)",
				);
				GCC_VERSION = com.apple.compilers.llvm.clang.1_0;
				HEADER_SEARCH_PATHS = (
					/usr/local/include/,
					"$(inherited)",
				);
				LIBRARY_SEARCH_PATHS = (
					/usr/local/lib/,
					"$(inherited)",
				);
				MACOSX_DEPLOYMENT_TARGET = 10.7;
				OTHER_LDFLAGS = (
					"$(inherited)",
					"$(SFML_SYSTEM)",
					"$(SFML_WINDOW)",
					"$(SFML_GRAPHICS)",
					"$(SFML_AUDIO)",
					"$(SFML_NETWORK)",
				);
				SFML_AUDIO = "$(SFML_LINK_PREFIX) sfml-audio$(SFML_LINK_SUFFIX)";
				SFML_BINARY_TYPE = DYLIBS;
				SFML_GRAPHICS = "$(SFML_LINK_PREFIX) sfml-graphics$(SFML_LINK_SUFFIX)";
				SFML_LINK_DYLIBS_PREFIX = "-l";
				SFML_LINK_DYLIBS_SUFFIX = "";
				SFML_LINK_FRAMEWORKS_PREFIX = "-framework";
				SFML_LINK_FRAMEWORKS_SUFFIX = "";
				SFML_LINK_PREFIX = "$(SFML_LINK_$(SFML_BINARY_TYPE)_PREFIX)";
				SFML_LINK_SUFFIX = "$(SFML_LINK_$(SFML_BINARY_TYPE)_SUFFIX)";
				SFML_NETWORK = "$(SFML_LINK_PREFIX) sfml-network$(SFML_LINK_SUFFIX)";
				SFML_SYSTEM = "$(SFML_LINK_PREFIX) sfml-system$(SFML_LINK_SUFFIX)";
				SFML_WINDOW = "$(SFML_LINK_PREFIX) sfml-window$(SFML_LINK_SUFFIX)";
				SUPPORTED_PLATFORMS = macosx;
			};
			name = Release;
		};
		05770D0C20BAE303007A5F1C /* Debug */ = {
			isa = XCBuildConfiguration;
			buildSettings = {
				CODE_SIGN_STYLE = Automatic;
				GCC_OPTIMIZATION_LEVEL = 0;
				INFOPLIST_FILE = "SFML_GAME/SFML_GAME-Info.plist";
				LD_RUNPATH_SEARCH_PATHS = "@loader_path/../Frameworks";
				PRODUCT_NAME = "$(TARGET_NAME)";
			};
			name = Debug;
		};
		05770D0D20BAE303007A5F1C /* Release */ = {
			isa = XCBuildConfiguration;
			buildSettings = {
				CODE_SIGN_STYLE = Automatic;
				GCC_OPTIMIZATION_LEVEL = 0;
				INFOPLIST_FILE = "SFML_GAME/SFML_GAME-Info.plist";
				LD_RUNPATH_SEARCH_PATHS = "@loader_path/../Frameworks";
				PRODUCT_NAME = "$(TARGET_NAME)";
			};
			name = Release;
		};
/* End XCBuildConfiguration section */

/* Begin XCConfigurationList section */
		05770CF020BAE303007A5F1C /* Build configuration list for PBXProject "SFML_GAME" */ = {
			isa = XCConfigurationList;
			buildConfigurations = (
				05770D0920BAE303007A5F1C /* Debug */,
				05770D0A20BAE303007A5F1C /* Release */,
			);
			defaultConfigurationIsVisible = 0;
			defaultConfigurationName = Release;
		};
		05770D0B20BAE303007A5F1C /* Build configuration list for PBXNativeTarget "SFML_GAME" */ = {
			isa = XCConfigurationList;
			buildConfigurations = (
				05770D0C20BAE303007A5F1C /* Debug */,
				05770D0D20BAE303007A5F1C /* Release */,
			);
			defaultConfigurationIsVisible = 0;
			defaultConfigurationName = Release;
		};
/* End XCConfigurationList section */
	};
	rootObject = 05770CED20BAE303007A5F1C /* Project object */;
}
